
Microsoft Visual Studio Solution File, Format Version 12.00
# Visual Studio Version 17
VisualStudioVersion = 17.0.31903.59
MinimumVisualStudioVersion = 10.0.40219.1
Project("{6EC3EE1D-3C4E-46DD-8F32-0CC8E7565705}") = "KaiEkkrin.FsData.Data", "KaiEkkrin.FsData.Data\KaiEkkrin.FsData.Data.fsproj", "{2C90207A-A681-44C0-B25B-6B34160795DA}"
EndProject
Project("{6EC3EE1D-3C4E-46DD-8F32-0CC8E7565705}") = "KaiEkkrin.FsData.Data.Tests", "KaiEkkrin.FsData.Data.Tests\KaiEkkrin.FsData.Data.Tests.fsproj", "{8C6C81B2-F3F1-4A56-8093-D33721877664}"
EndProject
Project("{6EC3EE1D-3C4E-46DD-8F32-0CC8E7565705}") = "KaiEkkrin.FsData.Data.Benchmarks", "KaiEkkrin.FsData.Data.Benchmarks\KaiEkkrin.FsData.Data.Benchmarks.fsproj", "{49AA5AEB-9F44-4FF1-8546-69DECDE134C0}"
EndProject
Project("{FAE04EC0-301F-11D3-BF4B-00C04F79EFBC}") = "KaiEkkrin.FsData.Core", "KaiEkkrin.FsData.Core\KaiEkkrin.FsData.Core.csproj", "{B5BEA971-9E89-44D8-AE66-A4D01A6094A3}"
EndProject
Global
	GlobalSection(SolutionConfigurationPlatforms) = preSolution
		Debug|Any CPU = Debug|Any CPU
		Release|Any CPU = Release|Any CPU
	EndGlobalSection
	GlobalSection(ProjectConfigurationPlatforms) = postSolution
		{2C90207A-A681-44C0-B25B-6B34160795DA}.Debug|Any CPU.ActiveCfg = Debug|Any CPU
		{2C90207A-A681-44C0-B25B-6B34160795DA}.Debug|Any CPU.Build.0 = Debug|Any CPU
		{2C90207A-A681-44C0-B25B-6B34160795DA}.Release|Any CPU.ActiveCfg = Release|Any CPU
		{2C90207A-A681-44C0-B25B-6B34160795DA}.Release|Any CPU.Build.0 = Release|Any CPU
		{8C6C81B2-F3F1-4A56-8093-D33721877664}.Debug|Any CPU.ActiveCfg = Debug|Any CPU
		{8C6C81B2-F3F1-4A56-8093-D33721877664}.Debug|Any CPU.Build.0 = Debug|Any CPU
		{8C6C81B2-F3F1-4A56-8093-D33721877664}.Release|Any CPU.ActiveCfg = Release|Any CPU
		{8C6C81B2-F3F1-4A56-8093-D33721877664}.Release|Any CPU.Build.0 = Release|Any CPU
		{49AA5AEB-9F44-4FF1-8546-69DECDE134C0}.Debug|Any CPU.ActiveCfg = Debug|Any CPU
		{49AA5AEB-9F44-4FF1-8546-69DECDE134C0}.Debug|Any CPU.Build.0 = Debug|Any CPU
		{49AA5AEB-9F44-4FF1-8546-69DECDE134C0}.Release|Any CPU.ActiveCfg = Release|Any CPU
		{49AA5AEB-9F44-4FF1-8546-69DECDE134C0}.Release|Any CPU.Build.0 = Release|Any CPU
		{B5BEA971-9E89-44D8-AE66-A4D01A6094A3}.Debug|Any CPU.ActiveCfg = Debug|Any CPU
		{B5BEA971-9E89-44D8-AE66-A4D01A6094A3}.Debug|Any CPU.Build.0 = Debug|Any CPU
		{B5BEA971-9E89-44D8-AE66-A4D01A6094A3}.Release|Any CPU.ActiveCfg = Release|Any CPU
		{B5BEA971-9E89-44D8-AE66-A4D01A6094A3}.Release|Any CPU.Build.0 = Release|Any CPU
	EndGlobalSection
	GlobalSection(SolutionProperties) = preSolution
		HideSolutionNode = FALSE
	EndGlobalSection
	GlobalSection(ExtensibilityGlobals) = postSolution
		SolutionGuid = {305EBD01-9227-4AC3-87E4-5C9D5B758720}
	EndGlobalSection
EndGlobal
